
Microsoft Visual Studio Solution File, Format Version 12.00
# Visual Studio 15
VisualStudioVersion = 15.0.27703.1
MinimumVisualStudioVersion = 10.0.40219.1
Project("{FAE04EC0-301F-11D3-BF4B-00C04F79EFBC}") = "OperationCapture", "OperationCapture\OperationCapture.csproj", "{66577CFB-55F8-4E35-B2D3-7A85E6AE8A3B}"
EndProject
Project("{2150E333-8FDC-42A3-9474-1A3956D46DE8}") = "Labo", "Labo", "{68E251BF-42E6-4B3C-B21A-2CCC0C83E2E4}"
EndProject
Project("{FAE04EC0-301F-11D3-BF4B-00C04F79EFBC}") = "Sample", "Labo\Sample\Sample.csproj", "{BA071D8E-79F6-4466-B1EB-855004A1FF7F}"
EndProject
Project("{FAE04EC0-301F-11D3-BF4B-00C04F79EFBC}") = "OpenCVSharpSample", "Labo\OpenCVSharpSample\OpenCVSharpSample.csproj", "{B3C6B6C1-5E0E-4CEA-80DF-964B5C4B53FC}"
EndProject
Global
	GlobalSection(SolutionConfigurationPlatforms) = preSolution
		Debug|Any CPU = Debug|Any CPU
		Release|Any CPU = Release|Any CPU
	EndGlobalSection
	GlobalSection(ProjectConfigurationPlatforms) = postSolution
		{66577CFB-55F8-4E35-B2D3-7A85E6AE8A3B}.Debug|Any CPU.ActiveCfg = Debug|Any CPU
		{66577CFB-55F8-4E35-B2D3-7A85E6AE8A3B}.Debug|Any CPU.Build.0 = Debug|Any CPU
		{66577CFB-55F8-4E35-B2D3-7A85E6AE8A3B}.Release|Any CPU.ActiveCfg = Release|Any CPU
		{66577CFB-55F8-4E35-B2D3-7A85E6AE8A3B}.Release|Any CPU.Build.0 = Release|Any CPU
		{BA071D8E-79F6-4466-B1EB-855004A1FF7F}.Debug|Any CPU.ActiveCfg = Debug|Any CPU
		{BA071D8E-79F6-4466-B1EB-855004A1FF7F}.Debug|Any CPU.Build.0 = Debug|Any CPU
		{BA071D8E-79F6-4466-B1EB-855004A1FF7F}.Release|Any CPU.ActiveCfg = Release|Any CPU
		{BA071D8E-79F6-4466-B1EB-855004A1FF7F}.Release|Any CPU.Build.0 = Release|Any CPU
		{B3C6B6C1-5E0E-4CEA-80DF-964B5C4B53FC}.Debug|Any CPU.ActiveCfg = Debug|Any CPU
		{B3C6B6C1-5E0E-4CEA-80DF-964B5C4B53FC}.Debug|Any CPU.Build.0 = Debug|Any CPU
		{B3C6B6C1-5E0E-4CEA-80DF-964B5C4B53FC}.Release|Any CPU.ActiveCfg = Release|Any CPU
		{B3C6B6C1-5E0E-4CEA-80DF-964B5C4B53FC}.Release|Any CPU.Build.0 = Release|Any CPU
	EndGlobalSection
	GlobalSection(SolutionProperties) = preSolution
		HideSolutionNode = FALSE
	EndGlobalSection
	GlobalSection(NestedProjects) = preSolution
		{BA071D8E-79F6-4466-B1EB-855004A1FF7F} = {68E251BF-42E6-4B3C-B21A-2CCC0C83E2E4}
		{B3C6B6C1-5E0E-4CEA-80DF-964B5C4B53FC} = {68E251BF-42E6-4B3C-B21A-2CCC0C83E2E4}
	EndGlobalSection
	GlobalSection(ExtensibilityGlobals) = postSolution
		SolutionGuid = {77609379-B4A9-405A-86F4-953571CD5CE9}
	EndGlobalSection
EndGlobal
